
Microsoft Visual Studio Solution File, Format Version 12.00
# Visual Studio Version 16
VisualStudioVersion = 16.0.34931.43
MinimumVisualStudioVersion = 10.0.40219.1
Project("{8BC9CEB8-8B4A-11D0-8D11-00A0C91BC942}") = "Screamless", "Screamless\Screamless.vcxproj", "{2C4F7B66-3209-4DB4-AA5C-3EEC187362CE}"
EndProject
Global
	GlobalSection(SolutionConfigurationPlatforms) = preSolution
		Debug|x64 = Debug|x64
		Release|x64 = Release|x64
	EndGlobalSection
	GlobalSection(ProjectConfigurationPlatforms) = postSolution
		{2C4F7B66-3209-4DB4-AA5C-3EEC187362CE}.Debug|x64.ActiveCfg = Debug|x64
		{2C4F7B66-3209-4DB4-AA5C-3EEC187362CE}.Debug|x64.Build.0 = Debug|x64
		{2C4F7B66-3209-4DB4-AA5C-3EEC187362CE}.Release|x64.ActiveCfg = Release|x64
		{2C4F7B66-3209-4DB4-AA5C-3EEC187362CE}.Release|x64.Build.0 = Release|x64
	EndGlobalSection
	GlobalSection(SolutionProperties) = preSolution
		HideSolutionNode = FALSE
	EndGlobalSection
	GlobalSection(ExtensibilityGlobals) = postSolution
		SolutionGuid = {DA9E38D5-4AF2-4C71-AA8F-4760863CF4B4}
	EndGlobalSection
EndGlobal
